
Microsoft Visual Studio Solution File, Format Version 12.00
# Visual Studio Version 16
VisualStudioVersion = 16.0.31424.327
MinimumVisualStudioVersion = 10.0.40219.1
Project("{9A19103F-16F7-4668-BE54-9A1E7A4F7556}") = "Task1", "Task1\Task1.csproj", "{3E402873-6FDA-458A-8943-FAA87367A58B}"
EndProject
Project("{FAE04EC0-301F-11D3-BF4B-00C04F79EFBC}") = "Task2", "Task2\Task2.csproj", "{879E7FB9-7AB1-48BB-86F4-42E22084A867}"
EndProject
Project("{FAE04EC0-301F-11D3-BF4B-00C04F79EFBC}") = "Task3", "Task3\Task3.csproj", "{256E620C-57F5-40E1-8C03-A8430DC74B0D}"
EndProject
Global
	GlobalSection(SolutionConfigurationPlatforms) = preSolution
		Debug|Any CPU = Debug|Any CPU
		Release|Any CPU = Release|Any CPU
	EndGlobalSection
	GlobalSection(ProjectConfigurationPlatforms) = postSolution
		{3E402873-6FDA-458A-8943-FAA87367A58B}.Debug|Any CPU.ActiveCfg = Debug|Any CPU
		{3E402873-6FDA-458A-8943-FAA87367A58B}.Debug|Any CPU.Build.0 = Debug|Any CPU
		{3E402873-6FDA-458A-8943-FAA87367A58B}.Release|Any CPU.ActiveCfg = Release|Any CPU
		{3E402873-6FDA-458A-8943-FAA87367A58B}.Release|Any CPU.Build.0 = Release|Any CPU
		{879E7FB9-7AB1-48BB-86F4-42E22084A867}.Debug|Any CPU.ActiveCfg = Debug|Any CPU
		{879E7FB9-7AB1-48BB-86F4-42E22084A867}.Debug|Any CPU.Build.0 = Debug|Any CPU
		{879E7FB9-7AB1-48BB-86F4-42E22084A867}.Release|Any CPU.ActiveCfg = Release|Any CPU
		{879E7FB9-7AB1-48BB-86F4-42E22084A867}.Release|Any CPU.Build.0 = Release|Any CPU
		{256E620C-57F5-40E1-8C03-A8430DC74B0D}.Debug|Any CPU.ActiveCfg = Debug|Any CPU
		{256E620C-57F5-40E1-8C03-A8430DC74B0D}.Debug|Any CPU.Build.0 = Debug|Any CPU
		{256E620C-57F5-40E1-8C03-A8430DC74B0D}.Release|Any CPU.ActiveCfg = Release|Any CPU
		{256E620C-57F5-40E1-8C03-A8430DC74B0D}.Release|Any CPU.Build.0 = Release|Any CPU
	EndGlobalSection
	GlobalSection(SolutionProperties) = preSolution
		HideSolutionNode = FALSE
	EndGlobalSection
	GlobalSection(ExtensibilityGlobals) = postSolution
		SolutionGuid = {84D4AA77-FC04-46AC-9B2B-A1FF066E4221}
	EndGlobalSection
EndGlobal
